// !$*UTF8*$!
{
	archiveVersion = 1;
	classes = {
	};
	objectVersion = 55;
	objects = {

/* Begin PBXBuildFile section */
		BB289D5D280215CA00D5D312 /* AppDelegate.swift in Sources */ = {isa = PBXBuildFile; fileRef = BB289D5C280215CA00D5D312 /* AppDelegate.swift */; };
		BB289D5F280215CA00D5D312 /* SceneDelegate.swift in Sources */ = {isa = PBXBuildFile; fileRef = BB289D5E280215CA00D5D312 /* SceneDelegate.swift */; };
		BB289D61280215CA00D5D312 /* LoginViewController.swift in Sources */ = {isa = PBXBuildFile; fileRef = BB289D60280215CA00D5D312 /* LoginViewController.swift */; };
		BB289D64280215CA00D5D312 /* Main.storyboard in Resources */ = {isa = PBXBuildFile; fileRef = BB289D62280215CA00D5D312 /* Main.storyboard */; };
		BB289D66280215CD00D5D312 /* Assets.xcassets in Resources */ = {isa = PBXBuildFile; fileRef = BB289D65280215CD00D5D312 /* Assets.xcassets */; };
		BB289D69280215CD00D5D312 /* LaunchScreen.storyboard in Resources */ = {isa = PBXBuildFile; fileRef = BB289D67280215CD00D5D312 /* LaunchScreen.storyboard */; };
		BB289D74280215CE00D5D312 /* SessionShareTests.swift in Sources */ = {isa = PBXBuildFile; fileRef = BB289D73280215CE00D5D312 /* SessionShareTests.swift */; };
		BB289D7E280215CE00D5D312 /* SessionShareUITests.swift in Sources */ = {isa = PBXBuildFile; fileRef = BB289D7D280215CE00D5D312 /* SessionShareUITests.swift */; };
		BB289D80280215CE00D5D312 /* SessionShareUITestsLaunchTests.swift in Sources */ = {isa = PBXBuildFile; fileRef = BB289D7F280215CE00D5D312 /* SessionShareUITestsLaunchTests.swift */; };
		BB7713302802275800DAFA99 /* SpotifyiOS.xcframework in Frameworks */ = {isa = PBXBuildFile; fileRef = BB77132F2802275800DAFA99 /* SpotifyiOS.xcframework */; };
		BB7713322802311700DAFA99 /* AVFoundation.framework in Frameworks */ = {isa = PBXBuildFile; fileRef = BB7713312802311700DAFA99 /* AVFoundation.framework */; };
		BBDBD9FA28033C6F00CB4CEF /* joinViewController.swift in Sources */ = {isa = PBXBuildFile; fileRef = BBDBD9F928033C6F00CB4CEF /* joinViewController.swift */; };
/* End PBXBuildFile section */

/* Begin PBXContainerItemProxy section */
		BB289D70280215CE00D5D312 /* PBXContainerItemProxy */ = {
			isa = PBXContainerItemProxy;
			containerPortal = BB289D51280215CA00D5D312 /* Project object */;
			proxyType = 1;
			remoteGlobalIDString = BB289D58280215CA00D5D312;
			remoteInfo = SessionShare;
		};
		BB289D7A280215CE00D5D312 /* PBXContainerItemProxy */ = {
			isa = PBXContainerItemProxy;
			containerPortal = BB289D51280215CA00D5D312 /* Project object */;
			proxyType = 1;
			remoteGlobalIDString = BB289D58280215CA00D5D312;
			remoteInfo = SessionShare;
		};
/* End PBXContainerItemProxy section */

/* Begin PBXFileReference section */
		BB289D59280215CA00D5D312 /* SessionShare.app */ = {isa = PBXFileReference; explicitFileType = wrapper.application; includeInIndex = 0; path = SessionShare.app; sourceTree = BUILT_PRODUCTS_DIR; };
		BB289D5C280215CA00D5D312 /* AppDelegate.swift */ = {isa = PBXFileReference; lastKnownFileType = sourcecode.swift; path = AppDelegate.swift; sourceTree = "<group>"; };
		BB289D5E280215CA00D5D312 /* SceneDelegate.swift */ = {isa = PBXFileReference; lastKnownFileType = sourcecode.swift; path = SceneDelegate.swift; sourceTree = "<group>"; };
		BB289D60280215CA00D5D312 /* LoginViewController.swift */ = {isa = PBXFileReference; lastKnownFileType = sourcecode.swift; path = LoginViewController.swift; sourceTree = "<group>"; };
		BB289D63280215CA00D5D312 /* Base */ = {isa = PBXFileReference; lastKnownFileType = file.storyboard; name = Base; path = Base.lproj/Main.storyboard; sourceTree = "<group>"; };
		BB289D65280215CD00D5D312 /* Assets.xcassets */ = {isa = PBXFileReference; lastKnownFileType = folder.assetcatalog; path = Assets.xcassets; sourceTree = "<group>"; };
		BB289D68280215CD00D5D312 /* Base */ = {isa = PBXFileReference; lastKnownFileType = file.storyboard; name = Base; path = Base.lproj/LaunchScreen.storyboard; sourceTree = "<group>"; };
		BB289D6A280215CD00D5D312 /* Info.plist */ = {isa = PBXFileReference; lastKnownFileType = text.plist.xml; path = Info.plist; sourceTree = "<group>"; };
		BB289D6F280215CE00D5D312 /* SessionShareTests.xctest */ = {isa = PBXFileReference; explicitFileType = wrapper.cfbundle; includeInIndex = 0; path = SessionShareTests.xctest; sourceTree = BUILT_PRODUCTS_DIR; };
		BB289D73280215CE00D5D312 /* SessionShareTests.swift */ = {isa = PBXFileReference; lastKnownFileType = sourcecode.swift; path = SessionShareTests.swift; sourceTree = "<group>"; };
		BB289D79280215CE00D5D312 /* SessionShareUITests.xctest */ = {isa = PBXFileReference; explicitFileType = wrapper.cfbundle; includeInIndex = 0; path = SessionShareUITests.xctest; sourceTree = BUILT_PRODUCTS_DIR; };
		BB289D7D280215CE00D5D312 /* SessionShareUITests.swift */ = {isa = PBXFileReference; lastKnownFileType = sourcecode.swift; path = SessionShareUITests.swift; sourceTree = "<group>"; };
		BB289D7F280215CE00D5D312 /* SessionShareUITestsLaunchTests.swift */ = {isa = PBXFileReference; lastKnownFileType = sourcecode.swift; path = SessionShareUITestsLaunchTests.swift; sourceTree = "<group>"; };
		BB77132F2802275800DAFA99 /* SpotifyiOS.xcframework */ = {isa = PBXFileReference; lastKnownFileType = wrapper.xcframework; name = SpotifyiOS.xcframework; path = "../../ios-sdk-master/SpotifyiOS.xcframework"; sourceTree = "<group>"; };
		BB7713312802311700DAFA99 /* AVFoundation.framework */ = {isa = PBXFileReference; lastKnownFileType = wrapper.framework; name = AVFoundation.framework; path = System/Library/Frameworks/AVFoundation.framework; sourceTree = SDKROOT; };
		BB771333280232A100DAFA99 /* SessionShare-Bridging-Header.h */ = {isa = PBXFileReference; lastKnownFileType = sourcecode.c.h; path = "SessionShare-Bridging-Header.h"; sourceTree = "<group>"; };
		BBDBD9F928033C6F00CB4CEF /* joinViewController.swift */ = {isa = PBXFileReference; lastKnownFileType = sourcecode.swift; path = joinViewController.swift; sourceTree = "<group>"; };
/* End PBXFileReference section */

/* Begin PBXFrameworksBuildPhase section */
		BB289D56280215CA00D5D312 /* Frameworks */ = {
			isa = PBXFrameworksBuildPhase;
			buildActionMask = 2147483647;
			files = (
				BB7713322802311700DAFA99 /* AVFoundation.framework in Frameworks */,
				BB7713302802275800DAFA99 /* SpotifyiOS.xcframework in Frameworks */,
			);
			runOnlyForDeploymentPostprocessing = 0;
		};
		BB289D6C280215CE00D5D312 /* Frameworks */ = {
			isa = PBXFrameworksBuildPhase;
			buildActionMask = 2147483647;
			files = (
			);
			runOnlyForDeploymentPostprocessing = 0;
		};
		BB289D76280215CE00D5D312 /* Frameworks */ = {
			isa = PBXFrameworksBuildPhase;
			buildActionMask = 2147483647;
			files = (
			);
			runOnlyForDeploymentPostprocessing = 0;
		};
/* End PBXFrameworksBuildPhase section */

/* Begin PBXGroup section */
		BB289D50280215CA00D5D312 = {
			isa = PBXGroup;
			children = (
				BB289D5B280215CA00D5D312 /* SessionShare */,
				BB77132928021D3A00DAFA99 /* Frameworks */,
				BB289D72280215CE00D5D312 /* SessionShareTests */,
				BB289D7C280215CE00D5D312 /* SessionShareUITests */,
				BB289D5A280215CA00D5D312 /* Products */,
			);
			sourceTree = "<group>";
		};
		BB289D5A280215CA00D5D312 /* Products */ = {
			isa = PBXGroup;
			children = (
				BB289D59280215CA00D5D312 /* SessionShare.app */,
				BB289D6F280215CE00D5D312 /* SessionShareTests.xctest */,
				BB289D79280215CE00D5D312 /* SessionShareUITests.xctest */,
			);
			name = Products;
			sourceTree = "<group>";
		};
		BB289D5B280215CA00D5D312 /* SessionShare */ = {
			isa = PBXGroup;
			children = (
				BB289D5C280215CA00D5D312 /* AppDelegate.swift */,
				BB289D5E280215CA00D5D312 /* SceneDelegate.swift */,
				BB289D60280215CA00D5D312 /* LoginViewController.swift */,
				BB771333280232A100DAFA99 /* SessionShare-Bridging-Header.h */,
				BB289D62280215CA00D5D312 /* Main.storyboard */,
				BBDBD9F928033C6F00CB4CEF /* joinViewController.swift */,
				BB289D65280215CD00D5D312 /* Assets.xcassets */,
				BB289D67280215CD00D5D312 /* LaunchScreen.storyboard */,
				BB289D6A280215CD00D5D312 /* Info.plist */,
			);
			path = SessionShare;
			sourceTree = "<group>";
		};
		BB289D72280215CE00D5D312 /* SessionShareTests */ = {
			isa = PBXGroup;
			children = (
				BB289D73280215CE00D5D312 /* SessionShareTests.swift */,
			);
			path = SessionShareTests;
			sourceTree = "<group>";
		};
		BB289D7C280215CE00D5D312 /* SessionShareUITests */ = {
			isa = PBXGroup;
			children = (
				BB289D7D280215CE00D5D312 /* SessionShareUITests.swift */,
				BB289D7F280215CE00D5D312 /* SessionShareUITestsLaunchTests.swift */,
			);
			path = SessionShareUITests;
			sourceTree = "<group>";
		};
		BB77132928021D3A00DAFA99 /* Frameworks */ = {
			isa = PBXGroup;
			children = (
				BB7713312802311700DAFA99 /* AVFoundation.framework */,
				BB77132F2802275800DAFA99 /* SpotifyiOS.xcframework */,
			);
			path = Frameworks;
			sourceTree = "<group>";
		};
/* End PBXGroup section */

/* Begin PBXNativeTarget section */
		BB289D58280215CA00D5D312 /* SessionShare */ = {
			isa = PBXNativeTarget;
			buildConfigurationList = BB289D83280215CE00D5D312 /* Build configuration list for PBXNativeTarget "SessionShare" */;
			buildPhases = (
				BB289D55280215CA00D5D312 /* Sources */,
				BB289D56280215CA00D5D312 /* Frameworks */,
				BB289D57280215CA00D5D312 /* Resources */,
			);
			buildRules = (
			);
			dependencies = (
			);
			name = SessionShare;
			productName = SessionShare;
			productReference = BB289D59280215CA00D5D312 /* SessionShare.app */;
			productType = "com.apple.product-type.application";
		};
		BB289D6E280215CE00D5D312 /* SessionShareTests */ = {
			isa = PBXNativeTarget;
			buildConfigurationList = BB289D86280215CE00D5D312 /* Build configuration list for PBXNativeTarget "SessionShareTests" */;
			buildPhases = (
				BB289D6B280215CE00D5D312 /* Sources */,
				BB289D6C280215CE00D5D312 /* Frameworks */,
				BB289D6D280215CE00D5D312 /* Resources */,
			);
			buildRules = (
			);
			dependencies = (
				BB289D71280215CE00D5D312 /* PBXTargetDependency */,
			);
			name = SessionShareTests;
			productName = SessionShareTests;
			productReference = BB289D6F280215CE00D5D312 /* SessionShareTests.xctest */;
			productType = "com.apple.product-type.bundle.unit-test";
		};
		BB289D78280215CE00D5D312 /* SessionShareUITests */ = {
			isa = PBXNativeTarget;
			buildConfigurationList = BB289D89280215CE00D5D312 /* Build configuration list for PBXNativeTarget "SessionShareUITests" */;
			buildPhases = (
				BB289D75280215CE00D5D312 /* Sources */,
				BB289D76280215CE00D5D312 /* Frameworks */,
				BB289D77280215CE00D5D312 /* Resources */,
			);
			buildRules = (
			);
			dependencies = (
				BB289D7B280215CE00D5D312 /* PBXTargetDependency */,
			);
			name = SessionShareUITests;
			productName = SessionShareUITests;
			productReference = BB289D79280215CE00D5D312 /* SessionShareUITests.xctest */;
			productType = "com.apple.product-type.bundle.ui-testing";
		};
/* End PBXNativeTarget section */

/* Begin PBXProject section */
		BB289D51280215CA00D5D312 /* Project object */ = {
			isa = PBXProject;
			attributes = {
				BuildIndependentTargetsInParallel = 1;
				LastSwiftUpdateCheck = 1330;
				LastUpgradeCheck = 1330;
				TargetAttributes = {
					BB289D58280215CA00D5D312 = {
						CreatedOnToolsVersion = 13.3;
					};
					BB289D6E280215CE00D5D312 = {
						CreatedOnToolsVersion = 13.3;
						TestTargetID = BB289D58280215CA00D5D312;
					};
					BB289D78280215CE00D5D312 = {
						CreatedOnToolsVersion = 13.3;
						TestTargetID = BB289D58280215CA00D5D312;
					};
				};
			};
			buildConfigurationList = BB289D54280215CA00D5D312 /* Build configuration list for PBXProject "SessionShare" */;
			compatibilityVersion = "Xcode 13.0";
			developmentRegion = en;
			hasScannedForEncodings = 0;
			knownRegions = (
				en,
				Base,
			);
			mainGroup = BB289D50280215CA00D5D312;
			productRefGroup = BB289D5A280215CA00D5D312 /* Products */;
			projectDirPath = "";
			projectRoot = "";
			targets = (
				BB289D58280215CA00D5D312 /* SessionShare */,
				BB289D6E280215CE00D5D312 /* SessionShareTests */,
				BB289D78280215CE00D5D312 /* SessionShareUITests */,
			);
		};
/* End PBXProject section */

/* Begin PBXResourcesBuildPhase section */
		BB289D57280215CA00D5D312 /* Resources */ = {
			isa = PBXResourcesBuildPhase;
			buildActionMask = 2147483647;
			files = (
				BB289D69280215CD00D5D312 /* LaunchScreen.storyboard in Resources */,
				BB289D66280215CD00D5D312 /* Assets.xcassets in Resources */,
				BB289D64280215CA00D5D312 /* Main.storyboard in Resources */,
			);
			runOnlyForDeploymentPostprocessing = 0;
		};
		BB289D6D280215CE00D5D312 /* Resources */ = {
			isa = PBXResourcesBuildPhase;
			buildActionMask = 2147483647;
			files = (
			);
			runOnlyForDeploymentPostprocessing = 0;
		};
		BB289D77280215CE00D5D312 /* Resources */ = {
			isa = PBXResourcesBuildPhase;
			buildActionMask = 2147483647;
			files = (
			);
			runOnlyForDeploymentPostprocessing = 0;
		};
/* End PBXResourcesBuildPhase section */

/* Begin PBXSourcesBuildPhase section */
		BB289D55280215CA00D5D312 /* Sources */ = {
			isa = PBXSourcesBuildPhase;
			buildActionMask = 2147483647;
			files = (
				BB289D61280215CA00D5D312 /* LoginViewController.swift in Sources */,
				BB289D5D280215CA00D5D312 /* AppDelegate.swift in Sources */,
				BBDBD9FA28033C6F00CB4CEF /* joinViewController.swift in Sources */,
				BB289D5F280215CA00D5D312 /* SceneDelegate.swift in Sources */,
			);
			runOnlyForDeploymentPostprocessing = 0;
		};
		BB289D6B280215CE00D5D312 /* Sources */ = {
			isa = PBXSourcesBuildPhase;
			buildActionMask = 2147483647;
			files = (
				BB289D74280215CE00D5D312 /* SessionShareTests.swift in Sources */,
			);
			runOnlyForDeploymentPostprocessing = 0;
		};
		BB289D75280215CE00D5D312 /* Sources */ = {
			isa = PBXSourcesBuildPhase;
			buildActionMask = 2147483647;
			files = (
				BB289D7E280215CE00D5D312 /* SessionShareUITests.swift in Sources */,
				BB289D80280215CE00D5D312 /* SessionShareUITestsLaunchTests.swift in Sources */,
			);
			runOnlyForDeploymentPostprocessing = 0;
		};
/* End PBXSourcesBuildPhase section */

/* Begin PBXTargetDependency section */
		BB289D71280215CE00D5D312 /* PBXTargetDependency */ = {
			isa = PBXTargetDependency;
			target = BB289D58280215CA00D5D312 /* SessionShare */;
			targetProxy = BB289D70280215CE00D5D312 /* PBXContainerItemProxy */;
		};
		BB289D7B280215CE00D5D312 /* PBXTargetDependency */ = {
			isa = PBXTargetDependency;
			target = BB289D58280215CA00D5D312 /* SessionShare */;
			targetProxy = BB289D7A280215CE00D5D312 /* PBXContainerItemProxy */;
		};
/* End PBXTargetDependency section */

/* Begin PBXVariantGroup section */
		BB289D62280215CA00D5D312 /* Main.storyboard */ = {
			isa = PBXVariantGroup;
			children = (
				BB289D63280215CA00D5D312 /* Base */,
			);
			name = Main.storyboard;
			sourceTree = "<group>";
		};
		BB289D67280215CD00D5D312 /* LaunchScreen.storyboard */ = {
			isa = PBXVariantGroup;
			children = (
				BB289D68280215CD00D5D312 /* Base */,
			);
			name = LaunchScreen.storyboard;
			sourceTree = "<group>";
		};
/* End PBXVariantGroup section */

/* Begin XCBuildConfiguration section */
		BB289D81280215CE00D5D312 /* Debug */ = {
			isa = XCBuildConfiguration;
			buildSettings = {
				ALWAYS_SEARCH_USER_PATHS = NO;
				CLANG_ANALYZER_NONNULL = YES;
				CLANG_ANALYZER_NUMBER_OBJECT_CONVERSION = YES_AGGRESSIVE;
				CLANG_CXX_LANGUAGE_STANDARD = "gnu++17";
				CLANG_ENABLE_MODULES = YES;
				CLANG_ENABLE_OBJC_ARC = YES;
				CLANG_ENABLE_OBJC_WEAK = YES;
				CLANG_WARN_BLOCK_CAPTURE_AUTORELEASING = YES;
				CLANG_WARN_BOOL_CONVERSION = YES;
				CLANG_WARN_COMMA = YES;
				CLANG_WARN_CONSTANT_CONVERSION = YES;
				CLANG_WARN_DEPRECATED_OBJC_IMPLEMENTATIONS = YES;
				CLANG_WARN_DIRECT_OBJC_ISA_USAGE = YES_ERROR;
				CLANG_WARN_DOCUMENTATION_COMMENTS = YES;
				CLANG_WARN_EMPTY_BODY = YES;
				CLANG_WARN_ENUM_CONVERSION = YES;
				CLANG_WARN_INFINITE_RECURSION = YES;
				CLANG_WARN_INT_CONVERSION = YES;
				CLANG_WARN_NON_LITERAL_NULL_CONVERSION = YES;
				CLANG_WARN_OBJC_IMPLICIT_RETAIN_SELF = YES;
				CLANG_WARN_OBJC_LITERAL_CONVERSION = YES;
				CLANG_WARN_OBJC_ROOT_CLASS = YES_ERROR;
				CLANG_WARN_QUOTED_INCLUDE_IN_FRAMEWORK_HEADER = YES;
				CLANG_WARN_RANGE_LOOP_ANALYSIS = YES;
				CLANG_WARN_STRICT_PROTOTYPES = YES;
				CLANG_WARN_SUSPICIOUS_MOVE = YES;
				CLANG_WARN_UNGUARDED_AVAILABILITY = YES_AGGRESSIVE;
				CLANG_WARN_UNREACHABLE_CODE = YES;
				CLANG_WARN__DUPLICATE_METHOD_MATCH = YES;
				COPY_PHASE_STRIP = NO;
				DEBUG_INFORMATION_FORMAT = dwarf;
				ENABLE_STRICT_OBJC_MSGSEND = YES;
				ENABLE_TESTABILITY = YES;
				"EXCLUDED_ARCHS[sdk=*]" = arm64;
				GCC_C_LANGUAGE_STANDARD = gnu11;
				GCC_DYNAMIC_NO_PIC = NO;
				GCC_NO_COMMON_BLOCKS = YES;
				GCC_OPTIMIZATION_LEVEL = 0;
				GCC_PREPROCESSOR_DEFINITIONS = (
					"DEBUG=1",
					"$(inherited)",
				);
				GCC_WARN_64_TO_32_BIT_CONVERSION = YES;
				GCC_WARN_ABOUT_RETURN_TYPE = YES_ERROR;
				GCC_WARN_UNDECLARED_SELECTOR = YES;
				GCC_WARN_UNINITIALIZED_AUTOS = YES_AGGRESSIVE;
				GCC_WARN_UNUSED_FUNCTION = YES;
				GCC_WARN_UNUSED_VARIABLE = YES;
				IPHONEOS_DEPLOYMENT_TARGET = 15.3;
				MTL_ENABLE_DEBUG_INFO = INCLUDE_SOURCE;
				MTL_FAST_MATH = YES;
				ONLY_ACTIVE_ARCH = YES;
				SDKROOT = iphoneos;
				SWIFT_ACTIVE_COMPILATION_CONDITIONS = DEBUG;
				SWIFT_OPTIMIZATION_LEVEL = "-Onone";
			};
			name = Debug;
		};
		BB289D82280215CE00D5D312 /* Release */ = {
			isa = XCBuildConfiguration;
			buildSettings = {
				ALWAYS_SEARCH_USER_PATHS = NO;
				CLANG_ANALYZER_NONNULL = YES;
				CLANG_ANALYZER_NUMBER_OBJECT_CONVERSION = YES_AGGRESSIVE;
				CLANG_CXX_LANGUAGE_STANDARD = "gnu++17";
				CLANG_ENABLE_MODULES = YES;
				CLANG_ENABLE_OBJC_ARC = YES;
				CLANG_ENABLE_OBJC_WEAK = YES;
				CLANG_WARN_BLOCK_CAPTURE_AUTORELEASING = YES;
				CLANG_WARN_BOOL_CONVERSION = YES;
				CLANG_WARN_COMMA = YES;
				CLANG_WARN_CONSTANT_CONVERSION = YES;
				CLANG_WARN_DEPRECATED_OBJC_IMPLEMENTATIONS = YES;
				CLANG_WARN_DIRECT_OBJC_ISA_USAGE = YES_ERROR;
				CLANG_WARN_DOCUMENTATION_COMMENTS = YES;
				CLANG_WARN_EMPTY_BODY = YES;
				CLANG_WARN_ENUM_CONVERSION = YES;
				CLANG_WARN_INFINITE_RECURSION = YES;
				CLANG_WARN_INT_CONVERSION = YES;
				CLANG_WARN_NON_LITERAL_NULL_CONVERSION = YES;
				CLANG_WARN_OBJC_IMPLICIT_RETAIN_SELF = YES;
				CLANG_WARN_OBJC_LITERAL_CONVERSION = YES;
				CLANG_WARN_OBJC_ROOT_CLASS = YES_ERROR;
				CLANG_WARN_QUOTED_INCLUDE_IN_FRAMEWORK_HEADER = YES;
				CLANG_WARN_RANGE_LOOP_ANALYSIS = YES;
				CLANG_WARN_STRICT_PROTOTYPES = YES;
				CLANG_WARN_SUSPICIOUS_MOVE = YES;
				CLANG_WARN_UNGUARDED_AVAILABILITY = YES_AGGRESSIVE;
				CLANG_WARN_UNREACHABLE_CODE = YES;
				CLANG_WARN__DUPLICATE_METHOD_MATCH = YES;
				COPY_PHASE_STRIP = NO;
				DEBUG_INFORMATION_FORMAT = "dwarf-with-dsym";
				ENABLE_NS_ASSERTIONS = NO;
				ENABLE_STRICT_OBJC_MSGSEND = YES;
				"EXCLUDED_ARCHS[sdk=*]" = arm64;
				GCC_C_LANGUAGE_STANDARD = gnu11;
				GCC_NO_COMMON_BLOCKS = YES;
				GCC_WARN_64_TO_32_BIT_CONVERSION = YES;
				GCC_WARN_ABOUT_RETURN_TYPE = YES_ERROR;
				GCC_WARN_UNDECLARED_SELECTOR = YES;
				GCC_WARN_UNINITIALIZED_AUTOS = YES_AGGRESSIVE;
				GCC_WARN_UNUSED_FUNCTION = YES;
				GCC_WARN_UNUSED_VARIABLE = YES;
				IPHONEOS_DEPLOYMENT_TARGET = 15.3;
				MTL_ENABLE_DEBUG_INFO = NO;
				MTL_FAST_MATH = YES;
				SDKROOT = iphoneos;
				SWIFT_COMPILATION_MODE = wholemodule;
				SWIFT_OPTIMIZATION_LEVEL = "-O";
				VALIDATE_PRODUCT = YES;
			};
			name = Release;
		};
		BB289D84280215CE00D5D312 /* Debug */ = {
			isa = XCBuildConfiguration;
			buildSettings = {
				ASSETCATALOG_COMPILER_APPICON_NAME = AppIcon;
				ASSETCATALOG_COMPILER_GLOBAL_ACCENT_COLOR_NAME = AccentColor;
				CODE_SIGN_STYLE = Automatic;
				CURRENT_PROJECT_VERSION = 1;
				DEVELOPMENT_TEAM = P343GFV3FS;
				GENERATE_INFOPLIST_FILE = YES;
				INFOPLIST_FILE = SessionShare/Info.plist;
				INFOPLIST_KEY_UIApplicationSupportsIndirectInputEvents = YES;
				INFOPLIST_KEY_UILaunchStoryboardName = LaunchScreen;
				INFOPLIST_KEY_UIMainStoryboardFile = Main;
				INFOPLIST_KEY_UISupportedInterfaceOrientations_iPad = "UIInterfaceOrientationPortrait UIInterfaceOrientationPortraitUpsideDown UIInterfaceOrientationLandscapeLeft UIInterfaceOrientationLandscapeRight";
				INFOPLIST_KEY_UISupportedInterfaceOrientations_iPhone = "UIInterfaceOrientationPortrait UIInterfaceOrientationLandscapeLeft UIInterfaceOrientationLandscapeRight";
				LD_RUNPATH_SEARCH_PATHS = (
					"$(inherited)",
					"@executable_path/Frameworks",
				);
				MARKETING_VERSION = 1.0;
				OTHER_LDFLAGS = "-ObjC";
				PRODUCT_BUNDLE_IDENTIFIER = com.cs490.sessionshare;
				PRODUCT_NAME = "$(TARGET_NAME)";
				SWIFT_EMIT_LOC_STRINGS = YES;
				SWIFT_OBJC_BRIDGING_HEADER = "SessionShare/SessionShare-Bridging-Header.h";
				SWIFT_VERSION = 5.0;
				TARGETED_DEVICE_FAMILY = 1;
			};
			name = Debug;
		};
		BB289D85280215CE00D5D312 /* Release */ = {
			isa = XCBuildConfiguration;
			buildSettings = {
				ASSETCATALOG_COMPILER_APPICON_NAME = AppIcon;
				ASSETCATALOG_COMPILER_GLOBAL_ACCENT_COLOR_NAME = AccentColor;
				CODE_SIGN_STYLE = Automatic;
				CURRENT_PROJECT_VERSION = 1;
				DEVELOPMENT_TEAM = P343GFV3FS;
				GENERATE_INFOPLIST_FILE = YES;
				INFOPLIST_FILE = SessionShare/Info.plist;
				INFOPLIST_KEY_UIApplicationSupportsIndirectInputEvents = YES;
				INFOPLIST_KEY_UILaunchStoryboardName = LaunchScreen;
				INFOPLIST_KEY_UIMainStoryboardFile = Main;
				INFOPLIST_KEY_UISupportedInterfaceOrientations_iPad = "UIInterfaceOrientationPortrait UIInterfaceOrientationPortraitUpsideDown UIInterfaceOrientationLandscapeLeft UIInterfaceOrientationLandscapeRight";
				INFOPLIST_KEY_UISupportedInterfaceOrientations_iPhone = "UIInterfaceOrientationPortrait UIInterfaceOrientationLandscapeLeft UIInterfaceOrientationLandscapeRight";
				LD_RUNPATH_SEARCH_PATHS = (
					"$(inherited)",
					"@executable_path/Frameworks",
				);
				MARKETING_VERSION = 1.0;
				OTHER_LDFLAGS = "-ObjC";
				PRODUCT_BUNDLE_IDENTIFIER = com.cs490.sessionshare;
				PRODUCT_NAME = "$(TARGET_NAME)";
				SWIFT_EMIT_LOC_STRINGS = YES;
				SWIFT_OBJC_BRIDGING_HEADER = "SessionShare/SessionShare-Bridging-Header.h";
				SWIFT_VERSION = 5.0;
				TARGETED_DEVICE_FAMILY = 1;
			};
			name = Release;
		};
		BB289D87280215CE00D5D312 /* Debug */ = {
			isa = XCBuildConfiguration;
			buildSettings = {
				ALWAYS_EMBED_SWIFT_STANDARD_LIBRARIES = YES;
				BUNDLE_LOADER = "$(TEST_HOST)";
				CODE_SIGN_STYLE = Automatic;
				CURRENT_PROJECT_VERSION = 1;
				DEVELOPMENT_TEAM = P343GFV3FS;
				GENERATE_INFOPLIST_FILE = YES;
				IPHONEOS_DEPLOYMENT_TARGET = 15.4;
				MARKETING_VERSION = 1.0;
				PRODUCT_BUNDLE_IDENTIFIER = sidmad.com.SessionShareTests;
				PRODUCT_NAME = "$(TARGET_NAME)";
				SWIFT_EMIT_LOC_STRINGS = NO;
				SWIFT_VERSION = 5.0;
				TARGETED_DEVICE_FAMILY = "1,2";
				TEST_HOST = "$(BUILT_PRODUCTS_DIR)/SessionShare.app/SessionShare";
			};
			name = Debug;
		};
		BB289D88280215CE00D5D312 /* Release */ = {
			isa = XCBuildConfiguration;
			buildSettings = {
				ALWAYS_EMBED_SWIFT_STANDARD_LIBRARIES = YES;
				BUNDLE_LOADER = "$(TEST_HOST)";
				CODE_SIGN_STYLE = Automatic;
				CURRENT_PROJECT_VERSION = 1;
				DEVELOPMENT_TEAM = P343GFV3FS;
				GENERATE_INFOPLIST_FILE = YES;
				IPHONEOS_DEPLOYMENT_TARGET = 15.4;
				MARKETING_VERSION = 1.0;
				PRODUCT_BUNDLE_IDENTIFIER = sidmad.com.SessionShareTests;
				PRODUCT_NAME = "$(TARGET_NAME)";
				SWIFT_EMIT_LOC_STRINGS = NO;
				SWIFT_VERSION = 5.0;
				TARGETED_DEVICE_FAMILY = "1,2";
				TEST_HOST = "$(BUILT_PRODUCTS_DIR)/SessionShare.app/SessionShare";
			};
			name = Release;
		};
		BB289D8A280215CE00D5D312 /* Debug */ = {
			isa = XCBuildConfiguration;
			buildSettings = {
				ALWAYS_EMBED_SWIFT_STANDARD_LIBRARIES = YES;
				CODE_SIGN_STYLE = Automatic;
				CURRENT_PROJECT_VERSION = 1;
				DEVELOPMENT_TEAM = P343GFV3FS;
				GENERATE_INFOPLIST_FILE = YES;
				MARKETING_VERSION = 1.0;
				PRODUCT_BUNDLE_IDENTIFIER = sidmad.com.SessionShareUITests;
				PRODUCT_NAME = "$(TARGET_NAME)";
				SWIFT_EMIT_LOC_STRINGS = NO;
				SWIFT_VERSION = 5.0;
				TARGETED_DEVICE_FAMILY = "1,2";
				TEST_TARGET_NAME = SessionShare;
			};
			name = Debug;
		};
		BB289D8B280215CE00D5D312 /* Release */ = {
			isa = XCBuildConfiguration;
			buildSettings = {
				ALWAYS_EMBED_SWIFT_STANDARD_LIBRARIES = YES;
				CODE_SIGN_STYLE = Automatic;
				CURRENT_PROJECT_VERSION = 1;
				DEVELOPMENT_TEAM = P343GFV3FS;
				GENERATE_INFOPLIST_FILE = YES;
				MARKETING_VERSION = 1.0;
				PRODUCT_BUNDLE_IDENTIFIER = sidmad.com.SessionShareUITests;
				PRODUCT_NAME = "$(TARGET_NAME)";
				SWIFT_EMIT_LOC_STRINGS = NO;
				SWIFT_VERSION = 5.0;
				TARGETED_DEVICE_FAMILY = "1,2";
				TEST_TARGET_NAME = SessionShare;
			};
			name = Release;
		};
/* End XCBuildConfiguration section */

/* Begin XCConfigurationList section */
		BB289D54280215CA00D5D312 /* Build configuration list for PBXProject "SessionShare" */ = {
			isa = XCConfigurationList;
			buildConfigurations = (
				BB289D81280215CE00D5D312 /* Debug */,
				BB289D82280215CE00D5D312 /* Release */,
			);
			defaultConfigurationIsVisible = 0;
			defaultConfigurationName = Release;
		};
		BB289D83280215CE00D5D312 /* Build configuration list for PBXNativeTarget "SessionShare" */ = {
			isa = XCConfigurationList;
			buildConfigurations = (
				BB289D84280215CE00D5D312 /* Debug */,
				BB289D85280215CE00D5D312 /* Release */,
			);
			defaultConfigurationIsVisible = 0;
			defaultConfigurationName = Release;
		};
		BB289D86280215CE00D5D312 /* Build configuration list for PBXNativeTarget "SessionShareTests" */ = {
			isa = XCConfigurationList;
			buildConfigurations = (
				BB289D87280215CE00D5D312 /* Debug */,
				BB289D88280215CE00D5D312 /* Release */,
			);
			defaultConfigurationIsVisible = 0;
			defaultConfigurationName = Release;
		};
		BB289D89280215CE00D5D312 /* Build configuration list for PBXNativeTarget "SessionShareUITests" */ = {
			isa = XCConfigurationList;
			buildConfigurations = (
				BB289D8A280215CE00D5D312 /* Debug */,
				BB289D8B280215CE00D5D312 /* Release */,
			);
			defaultConfigurationIsVisible = 0;
			defaultConfigurationName = Release;
		};
/* End XCConfigurationList section */
	};
	rootObject = BB289D51280215CA00D5D312 /* Project object */;
}
